
Microsoft Visual Studio Solution File, Format Version 12.00
# Visual Studio Version 16
VisualStudioVersion = 16.0.30104.148
MinimumVisualStudioVersion = 10.0.40219.1
Project("{FAE04EC0-301F-11D3-BF4B-00C04F79EFBC}") = "DiscordPTT", "DiscordPTT.csproj", "{D4B48365-2390-40BD-B1A4-D0F7200CE5F9}"
EndProject
Global
	GlobalSection(SolutionConfigurationPlatforms) = preSolution
		Debug|Any CPU = Debug|Any CPU
		Release|Any CPU = Release|Any CPU
	EndGlobalSection
	GlobalSection(ProjectConfigurationPlatforms) = postSolution
		{D4B48365-2390-40BD-B1A4-D0F7200CE5F9}.Debug|Any CPU.ActiveCfg = Debug|Any CPU
		{D4B48365-2390-40BD-B1A4-D0F7200CE5F9}.Debug|Any CPU.Build.0 = Debug|Any CPU
		{D4B48365-2390-40BD-B1A4-D0F7200CE5F9}.Release|Any CPU.ActiveCfg = Release|Any CPU
		{D4B48365-2390-40BD-B1A4-D0F7200CE5F9}.Release|Any CPU.Build.0 = Release|Any CPU
	EndGlobalSection
	GlobalSection(SolutionProperties) = preSolution
		HideSolutionNode = FALSE
	EndGlobalSection
	GlobalSection(ExtensibilityGlobals) = postSolution
		SolutionGuid = {00179AF8-C731-4E69-B4B1-E50F2C5C137F}
	EndGlobalSection
EndGlobal
